
Microsoft Visual Studio Solution File, Format Version 12.00
# Visual Studio Version 17
VisualStudioVersion = 17.8.34316.72
MinimumVisualStudioVersion = 10.0.40219.1
Project("{FAE04EC0-301F-11D3-BF4B-00C04F79EFBC}") = "Algortimo", "Algortimo.csproj", "{FA2BCA2D-AD22-43F2-BC6E-755B68C69DCC}"
EndProject
Global
	GlobalSection(SolutionConfigurationPlatforms) = preSolution
		Debug|Any CPU = Debug|Any CPU
		Release|Any CPU = Release|Any CPU
	EndGlobalSection
	GlobalSection(ProjectConfigurationPlatforms) = postSolution
		{FA2BCA2D-AD22-43F2-BC6E-755B68C69DCC}.Debug|Any CPU.ActiveCfg = Debug|Any CPU
		{FA2BCA2D-AD22-43F2-BC6E-755B68C69DCC}.Debug|Any CPU.Build.0 = Debug|Any CPU
		{FA2BCA2D-AD22-43F2-BC6E-755B68C69DCC}.Release|Any CPU.ActiveCfg = Release|Any CPU
		{FA2BCA2D-AD22-43F2-BC6E-755B68C69DCC}.Release|Any CPU.Build.0 = Release|Any CPU
	EndGlobalSection
	GlobalSection(SolutionProperties) = preSolution
		HideSolutionNode = FALSE
	EndGlobalSection
	GlobalSection(ExtensibilityGlobals) = postSolution
		SolutionGuid = {A6EBD89D-7FAD-40BD-94DF-032D35E49EF3}
	EndGlobalSection
EndGlobal
